
Microsoft Visual Studio Solution File, Format Version 12.00
# Visual Studio Version 17
VisualStudioVersion = 17.4.33213.308
MinimumVisualStudioVersion = 10.0.40219.1
Project("{FAE04EC0-301F-11D3-BF4B-00C04F79EFBC}") = "DrinksSale", "DrinksSale\DrinksSale.csproj", "{B783263B-C87B-48F8-9021-AE7C97197C50}"
EndProject
Global
	GlobalSection(SolutionConfigurationPlatforms) = preSolution
		Debug|Any CPU = Debug|Any CPU
		Release|Any CPU = Release|Any CPU
	EndGlobalSection
	GlobalSection(ProjectConfigurationPlatforms) = postSolution
		{B783263B-C87B-48F8-9021-AE7C97197C50}.Debug|Any CPU.ActiveCfg = Debug|Any CPU
		{B783263B-C87B-48F8-9021-AE7C97197C50}.Debug|Any CPU.Build.0 = Debug|Any CPU
		{B783263B-C87B-48F8-9021-AE7C97197C50}.Release|Any CPU.ActiveCfg = Release|Any CPU
		{B783263B-C87B-48F8-9021-AE7C97197C50}.Release|Any CPU.Build.0 = Release|Any CPU
	EndGlobalSection
	GlobalSection(SolutionProperties) = preSolution
		HideSolutionNode = FALSE
	EndGlobalSection
	GlobalSection(ExtensibilityGlobals) = postSolution
		SolutionGuid = {CA9DBEED-5668-4BB9-A4DC-0E325515769B}
	EndGlobalSection
EndGlobal
